
Microsoft Visual Studio Solution File, Format Version 12.00
# Visual Studio 2013
VisualStudioVersion = 12.0.40629.0
MinimumVisualStudioVersion = 10.0.40219.1
Project("{FAE04EC0-301F-11D3-BF4B-00C04F79EFBC}") = "CanDao.Pos.Client", "CanDao.Pos.Client\CanDao.Pos.Client.csproj", "{C073E2FE-4A17-401B-AEA7-4FB815C19BBB}"
EndProject
Project("{2150E333-8FDC-42A3-9474-1A3956D46DE8}") = "0-Common", "0-Common", "{8F048F91-36BE-4965-8EB0-D165F1D9FB56}"
EndProject
Project("{2150E333-8FDC-42A3-9474-1A3956D46DE8}") = "1-Model", "1-Model", "{16358366-1524-4138-A587-24453620470C}"
EndProject
Project("{2150E333-8FDC-42A3-9474-1A3956D46DE8}") = "2-DAL", "2-DAL", "{F8D48C00-BFE4-4CFC-A67E-F04A0131E4ED}"
EndProject
Project("{2150E333-8FDC-42A3-9474-1A3956D46DE8}") = "3-UI", "3-UI", "{778A3D4B-72C2-483E-851D-E818219A74A3}"
EndProject
Project("{FAE04EC0-301F-11D3-BF4B-00C04F79EFBC}") = "CanDao.Pos.Common", "CanDao.Pos.Common\CanDao.Pos.Common.csproj", "{01E063C3-700A-4A8F-8DA7-64C5E5863384}"
EndProject
Project("{FAE04EC0-301F-11D3-BF4B-00C04F79EFBC}") = "CanDao.Pos.Model", "CanDao.Pos.Model\CanDao.Pos.Model.csproj", "{2EE5104A-0B22-497E-8ADE-A83A420C83D8}"
EndProject
Project("{FAE04EC0-301F-11D3-BF4B-00C04F79EFBC}") = "CanDao.Pos.IService", "CanDao.Pos.IService\CanDao.Pos.IService.csproj", "{0E0D337B-01AB-482C-9F6B-F274500288AB}"
EndProject
Project("{FAE04EC0-301F-11D3-BF4B-00C04F79EFBC}") = "CanDao.Pos.ServiceImpl", "CanDao.Pos.ServiceImpl\CanDao.Pos.ServiceImpl.csproj", "{5E37B2B7-522C-4B3C-8945-8314C22AD709}"
EndProject
Project("{FAE04EC0-301F-11D3-BF4B-00C04F79EFBC}") = "CanDao.Pos.UI.Utility", "CanDao.Pos.UI\CanDao.Pos.UI.Utility\CanDao.Pos.UI.Utility.csproj", "{9B3BE59E-18D6-444B-8FB5-0D32332CC720}"
EndProject
Project("{FAE04EC0-301F-11D3-BF4B-00C04F79EFBC}") = "CanDao.Pos.Client.UpdateTool", "CanDao.Pos.Client.UpdateTool\CanDao.Pos.Client.UpdateTool.csproj", "{A5065D54-E0DD-4AC5-AEE8-41D555B2B38A}"
EndProject
Project("{FAE04EC0-301F-11D3-BF4B-00C04F79EFBC}") = "CanDao.Pos.UI.MainView", "CanDao.Pos.UI\CanDao.Pos.UI.MainView\CanDao.Pos.UI.MainView.csproj", "{A15D72A7-E616-4BC1-B92D-CD4DE0A5DD97}"
EndProject
Project("{2150E333-8FDC-42A3-9474-1A3956D46DE8}") = "4-Print", "4-Print", "{CD06D75E-D136-4A9E-90DE-37F511218DC8}"
EndProject
Project("{FAE04EC0-301F-11D3-BF4B-00C04F79EFBC}") = "CanDao.Pos.ReportPrint", "CanDao.Pos.ReportPrint\CanDao.Pos.ReportPrint.csproj", "{D4541853-9955-454A-9D02-05391D3C3604}"
EndProject
Global
	GlobalSection(SolutionConfigurationPlatforms) = preSolution
		Debug|Any CPU = Debug|Any CPU
		Release|Any CPU = Release|Any CPU
	EndGlobalSection
	GlobalSection(ProjectConfigurationPlatforms) = postSolution
		{C073E2FE-4A17-401B-AEA7-4FB815C19BBB}.Debug|Any CPU.ActiveCfg = Debug|Any CPU
		{C073E2FE-4A17-401B-AEA7-4FB815C19BBB}.Debug|Any CPU.Build.0 = Debug|Any CPU
		{C073E2FE-4A17-401B-AEA7-4FB815C19BBB}.Release|Any CPU.ActiveCfg = Release|Any CPU
		{C073E2FE-4A17-401B-AEA7-4FB815C19BBB}.Release|Any CPU.Build.0 = Release|Any CPU
		{01E063C3-700A-4A8F-8DA7-64C5E5863384}.Debug|Any CPU.ActiveCfg = Debug|Any CPU
		{01E063C3-700A-4A8F-8DA7-64C5E5863384}.Debug|Any CPU.Build.0 = Debug|Any CPU
		{01E063C3-700A-4A8F-8DA7-64C5E5863384}.Release|Any CPU.ActiveCfg = Release|Any CPU
		{01E063C3-700A-4A8F-8DA7-64C5E5863384}.Release|Any CPU.Build.0 = Release|Any CPU
		{2EE5104A-0B22-497E-8ADE-A83A420C83D8}.Debug|Any CPU.ActiveCfg = Debug|Any CPU
		{2EE5104A-0B22-497E-8ADE-A83A420C83D8}.Debug|Any CPU.Build.0 = Debug|Any CPU
		{2EE5104A-0B22-497E-8ADE-A83A420C83D8}.Release|Any CPU.ActiveCfg = Release|Any CPU
		{2EE5104A-0B22-497E-8ADE-A83A420C83D8}.Release|Any CPU.Build.0 = Release|Any CPU
		{0E0D337B-01AB-482C-9F6B-F274500288AB}.Debug|Any CPU.ActiveCfg = Debug|Any CPU
		{0E0D337B-01AB-482C-9F6B-F274500288AB}.Debug|Any CPU.Build.0 = Debug|Any CPU
		{0E0D337B-01AB-482C-9F6B-F274500288AB}.Release|Any CPU.ActiveCfg = Release|Any CPU
		{0E0D337B-01AB-482C-9F6B-F274500288AB}.Release|Any CPU.Build.0 = Release|Any CPU
		{5E37B2B7-522C-4B3C-8945-8314C22AD709}.Debug|Any CPU.ActiveCfg = Debug|Any CPU
		{5E37B2B7-522C-4B3C-8945-8314C22AD709}.Debug|Any CPU.Build.0 = Debug|Any CPU
		{5E37B2B7-522C-4B3C-8945-8314C22AD709}.Release|Any CPU.ActiveCfg = Release|Any CPU
		{5E37B2B7-522C-4B3C-8945-8314C22AD709}.Release|Any CPU.Build.0 = Release|Any CPU
		{9B3BE59E-18D6-444B-8FB5-0D32332CC720}.Debug|Any CPU.ActiveCfg = Debug|Any CPU
		{9B3BE59E-18D6-444B-8FB5-0D32332CC720}.Debug|Any CPU.Build.0 = Debug|Any CPU
		{9B3BE59E-18D6-444B-8FB5-0D32332CC720}.Release|Any CPU.ActiveCfg = Release|Any CPU
		{9B3BE59E-18D6-444B-8FB5-0D32332CC720}.Release|Any CPU.Build.0 = Release|Any CPU
		{A5065D54-E0DD-4AC5-AEE8-41D555B2B38A}.Debug|Any CPU.ActiveCfg = Debug|Any CPU
		{A5065D54-E0DD-4AC5-AEE8-41D555B2B38A}.Debug|Any CPU.Build.0 = Debug|Any CPU
		{A5065D54-E0DD-4AC5-AEE8-41D555B2B38A}.Release|Any CPU.ActiveCfg = Release|Any CPU
		{A5065D54-E0DD-4AC5-AEE8-41D555B2B38A}.Release|Any CPU.Build.0 = Release|Any CPU
		{A15D72A7-E616-4BC1-B92D-CD4DE0A5DD97}.Debug|Any CPU.ActiveCfg = Debug|Any CPU
		{A15D72A7-E616-4BC1-B92D-CD4DE0A5DD97}.Debug|Any CPU.Build.0 = Debug|Any CPU
		{A15D72A7-E616-4BC1-B92D-CD4DE0A5DD97}.Release|Any CPU.ActiveCfg = Release|Any CPU
		{A15D72A7-E616-4BC1-B92D-CD4DE0A5DD97}.Release|Any CPU.Build.0 = Release|Any CPU
		{D4541853-9955-454A-9D02-05391D3C3604}.Debug|Any CPU.ActiveCfg = Debug|Any CPU
		{D4541853-9955-454A-9D02-05391D3C3604}.Debug|Any CPU.Build.0 = Debug|Any CPU
		{D4541853-9955-454A-9D02-05391D3C3604}.Release|Any CPU.ActiveCfg = Release|Any CPU
		{D4541853-9955-454A-9D02-05391D3C3604}.Release|Any CPU.Build.0 = Release|Any CPU
	EndGlobalSection
	GlobalSection(SolutionProperties) = preSolution
		HideSolutionNode = FALSE
	EndGlobalSection
	GlobalSection(NestedProjects) = preSolution
		{01E063C3-700A-4A8F-8DA7-64C5E5863384} = {8F048F91-36BE-4965-8EB0-D165F1D9FB56}
		{2EE5104A-0B22-497E-8ADE-A83A420C83D8} = {16358366-1524-4138-A587-24453620470C}
		{0E0D337B-01AB-482C-9F6B-F274500288AB} = {F8D48C00-BFE4-4CFC-A67E-F04A0131E4ED}
		{5E37B2B7-522C-4B3C-8945-8314C22AD709} = {F8D48C00-BFE4-4CFC-A67E-F04A0131E4ED}
		{9B3BE59E-18D6-444B-8FB5-0D32332CC720} = {778A3D4B-72C2-483E-851D-E818219A74A3}
		{A15D72A7-E616-4BC1-B92D-CD4DE0A5DD97} = {778A3D4B-72C2-483E-851D-E818219A74A3}
		{D4541853-9955-454A-9D02-05391D3C3604} = {CD06D75E-D136-4A9E-90DE-37F511218DC8}
	EndGlobalSection
EndGlobal
