
Microsoft Visual Studio Solution File, Format Version 12.00
# Visual Studio 2013
VisualStudioVersion = 12.0.21005.1
MinimumVisualStudioVersion = 10.0.40219.1
Project("{FAE04EC0-301F-11D3-BF4B-00C04F79EFBC}") = "Library", "Library\Library.csproj", "{CC733F2A-65DE-411F-9093-71CD3A5D9B27}"
EndProject
Project("{FAE04EC0-301F-11D3-BF4B-00C04F79EFBC}") = "KYPOS", "Main\KYPOS.csproj", "{8754C65B-7D15-4E74-B9AF-575107B5A6C6}"
EndProject
Project("{FAE04EC0-301F-11D3-BF4B-00C04F79EFBC}") = "Models", "Models\Models.csproj", "{2CF256B2-F5E0-4670-8644-08DDF65B0009}"
EndProject
Project("{FAE04EC0-301F-11D3-BF4B-00C04F79EFBC}") = "Common", "Common\Common.csproj", "{269ECEFF-B6C2-4708-86BA-AFBB1A2B045C}"
EndProject
Project("{FAE04EC0-301F-11D3-BF4B-00C04F79EFBC}") = "Business", "Business\Business.csproj", "{A674DB78-C6CB-409B-893D-728ABF88EC84}"
EndProject
Project("{FAE04EC0-301F-11D3-BF4B-00C04F79EFBC}") = "WebServiceReference", "WebServiceReference\WebServiceReference.csproj", "{830D9756-D0F4-4140-8AFC-500E8ECA03C4}"
EndProject
Project("{FAE04EC0-301F-11D3-BF4B-00C04F79EFBC}") = "ReportsFastReport", "ReportsFastReport\ReportsFastReport.csproj", "{F925F022-363F-49EC-868B-C51B72A81CC7}"
EndProject
Project("{FAE04EC0-301F-11D3-BF4B-00C04F79EFBC}") = "Newtonsoft.Json.Net40", "NewtonsoftJson\Newtonsoft.Json\Newtonsoft.Json.Net40.csproj", "{A9AE40FF-1A21-414A-9FE7-3BE13644CC6D}"
EndProject
Project("{FAE04EC0-301F-11D3-BF4B-00C04F79EFBC}") = "CanDao.Pos.UI.Library", "CanDao.Pos.UI.Library\CanDao.Pos.UI.Library.csproj", "{270B6CB0-75A6-406C-894B-42A3218534EA}"
EndProject
Project("{2150E333-8FDC-42A3-9474-1A3956D46DE8}") = "NewProject", "NewProject", "{66DC21BB-67F3-429B-A697-D2DFB8C6B7A7}"
EndProject
Project("{FAE04EC0-301F-11D3-BF4B-00C04F79EFBC}") = "CanDaoCD.Pos.SystemConfig", "CanDao.Pos.SystemConfig\CanDaoCD.Pos.SystemConfig.csproj", "{FC4DEF0B-50E2-4F55-A183-C0959B61B50A}"
EndProject
Project("{FAE04EC0-301F-11D3-BF4B-00C04F79EFBC}") = "CanDaoCD.Pos.Common", "CanDaoCD.Pos.Common\CanDaoCD.Pos.Common.csproj", "{7DDD5DCE-B2CD-429D-80AE-6FF2F66D15D8}"
EndProject
Project("{FAE04EC0-301F-11D3-BF4B-00C04F79EFBC}") = "CanDaoCD.Pos.PrintManage", "CanDaoCD.Pos.PrintManage\CanDaoCD.Pos.PrintManage.csproj", "{2AA08D85-71BA-4988-9116-BE1BF3E736F1}"
EndProject
Project("{FAE04EC0-301F-11D3-BF4B-00C04F79EFBC}") = "CanDaoCD.Pos.ResourceService", "CanDaoCD.Pos.ResourceService\CanDaoCD.Pos.ResourceService.csproj", "{8B73AF41-0061-4213-9EC0-318986D1C408}"
EndProject
Project("{FAE04EC0-301F-11D3-BF4B-00C04F79EFBC}") = "CanDaoCD.Pos.VIPManage", "CanDaoCD.Pos.VIPManage\CanDaoCD.Pos.VIPManage.csproj", "{98F33740-D8B6-44FD-BF0B-73928F26FE72}"
EndProject
Global
	GlobalSection(SolutionConfigurationPlatforms) = preSolution
		Debug|Any CPU = Debug|Any CPU
		Debug|x86 = Debug|x86
		Release|Any CPU = Release|Any CPU
		Release|x86 = Release|x86
	EndGlobalSection
	GlobalSection(ProjectConfigurationPlatforms) = postSolution
		{CC733F2A-65DE-411F-9093-71CD3A5D9B27}.Debug|Any CPU.ActiveCfg = Debug|Any CPU
		{CC733F2A-65DE-411F-9093-71CD3A5D9B27}.Debug|Any CPU.Build.0 = Debug|Any CPU
		{CC733F2A-65DE-411F-9093-71CD3A5D9B27}.Debug|x86.ActiveCfg = Debug|x86
		{CC733F2A-65DE-411F-9093-71CD3A5D9B27}.Debug|x86.Build.0 = Debug|x86
		{CC733F2A-65DE-411F-9093-71CD3A5D9B27}.Release|Any CPU.ActiveCfg = Release|Any CPU
		{CC733F2A-65DE-411F-9093-71CD3A5D9B27}.Release|Any CPU.Build.0 = Release|Any CPU
		{CC733F2A-65DE-411F-9093-71CD3A5D9B27}.Release|x86.ActiveCfg = Release|x86
		{CC733F2A-65DE-411F-9093-71CD3A5D9B27}.Release|x86.Build.0 = Release|x86
		{8754C65B-7D15-4E74-B9AF-575107B5A6C6}.Debug|Any CPU.ActiveCfg = Debug|Any CPU
		{8754C65B-7D15-4E74-B9AF-575107B5A6C6}.Debug|Any CPU.Build.0 = Debug|Any CPU
		{8754C65B-7D15-4E74-B9AF-575107B5A6C6}.Debug|x86.ActiveCfg = Debug|x86
		{8754C65B-7D15-4E74-B9AF-575107B5A6C6}.Debug|x86.Build.0 = Debug|x86
		{8754C65B-7D15-4E74-B9AF-575107B5A6C6}.Release|Any CPU.ActiveCfg = Release|Any CPU
		{8754C65B-7D15-4E74-B9AF-575107B5A6C6}.Release|Any CPU.Build.0 = Release|Any CPU
		{8754C65B-7D15-4E74-B9AF-575107B5A6C6}.Release|x86.ActiveCfg = Release|x86
		{8754C65B-7D15-4E74-B9AF-575107B5A6C6}.Release|x86.Build.0 = Release|x86
		{2CF256B2-F5E0-4670-8644-08DDF65B0009}.Debug|Any CPU.ActiveCfg = Debug|Any CPU
		{2CF256B2-F5E0-4670-8644-08DDF65B0009}.Debug|Any CPU.Build.0 = Debug|Any CPU
		{2CF256B2-F5E0-4670-8644-08DDF65B0009}.Debug|x86.ActiveCfg = Debug|x86
		{2CF256B2-F5E0-4670-8644-08DDF65B0009}.Debug|x86.Build.0 = Debug|x86
		{2CF256B2-F5E0-4670-8644-08DDF65B0009}.Release|Any CPU.ActiveCfg = Release|Any CPU
		{2CF256B2-F5E0-4670-8644-08DDF65B0009}.Release|Any CPU.Build.0 = Release|Any CPU
		{2CF256B2-F5E0-4670-8644-08DDF65B0009}.Release|x86.ActiveCfg = Release|x86
		{2CF256B2-F5E0-4670-8644-08DDF65B0009}.Release|x86.Build.0 = Release|x86
		{269ECEFF-B6C2-4708-86BA-AFBB1A2B045C}.Debug|Any CPU.ActiveCfg = Debug|Any CPU
		{269ECEFF-B6C2-4708-86BA-AFBB1A2B045C}.Debug|Any CPU.Build.0 = Debug|Any CPU
		{269ECEFF-B6C2-4708-86BA-AFBB1A2B045C}.Debug|x86.ActiveCfg = Debug|x86
		{269ECEFF-B6C2-4708-86BA-AFBB1A2B045C}.Debug|x86.Build.0 = Debug|x86
		{269ECEFF-B6C2-4708-86BA-AFBB1A2B045C}.Release|Any CPU.ActiveCfg = Release|Any CPU
		{269ECEFF-B6C2-4708-86BA-AFBB1A2B045C}.Release|Any CPU.Build.0 = Release|Any CPU
		{269ECEFF-B6C2-4708-86BA-AFBB1A2B045C}.Release|x86.ActiveCfg = Release|x86
		{269ECEFF-B6C2-4708-86BA-AFBB1A2B045C}.Release|x86.Build.0 = Release|x86
		{A674DB78-C6CB-409B-893D-728ABF88EC84}.Debug|Any CPU.ActiveCfg = Debug|Any CPU
		{A674DB78-C6CB-409B-893D-728ABF88EC84}.Debug|Any CPU.Build.0 = Debug|Any CPU
		{A674DB78-C6CB-409B-893D-728ABF88EC84}.Debug|x86.ActiveCfg = Debug|x86
		{A674DB78-C6CB-409B-893D-728ABF88EC84}.Debug|x86.Build.0 = Debug|x86
		{A674DB78-C6CB-409B-893D-728ABF88EC84}.Release|Any CPU.ActiveCfg = Release|Any CPU
		{A674DB78-C6CB-409B-893D-728ABF88EC84}.Release|Any CPU.Build.0 = Release|Any CPU
		{A674DB78-C6CB-409B-893D-728ABF88EC84}.Release|x86.ActiveCfg = Release|x86
		{A674DB78-C6CB-409B-893D-728ABF88EC84}.Release|x86.Build.0 = Release|x86
		{830D9756-D0F4-4140-8AFC-500E8ECA03C4}.Debug|Any CPU.ActiveCfg = Debug|Any CPU
		{830D9756-D0F4-4140-8AFC-500E8ECA03C4}.Debug|Any CPU.Build.0 = Debug|Any CPU
		{830D9756-D0F4-4140-8AFC-500E8ECA03C4}.Debug|x86.ActiveCfg = Debug|x86
		{830D9756-D0F4-4140-8AFC-500E8ECA03C4}.Debug|x86.Build.0 = Debug|x86
		{830D9756-D0F4-4140-8AFC-500E8ECA03C4}.Release|Any CPU.ActiveCfg = Release|Any CPU
		{830D9756-D0F4-4140-8AFC-500E8ECA03C4}.Release|Any CPU.Build.0 = Release|Any CPU
		{830D9756-D0F4-4140-8AFC-500E8ECA03C4}.Release|x86.ActiveCfg = Release|x86
		{830D9756-D0F4-4140-8AFC-500E8ECA03C4}.Release|x86.Build.0 = Release|x86
		{F925F022-363F-49EC-868B-C51B72A81CC7}.Debug|Any CPU.ActiveCfg = Debug|Any CPU
		{F925F022-363F-49EC-868B-C51B72A81CC7}.Debug|Any CPU.Build.0 = Debug|Any CPU
		{F925F022-363F-49EC-868B-C51B72A81CC7}.Debug|x86.ActiveCfg = Debug|x86
		{F925F022-363F-49EC-868B-C51B72A81CC7}.Debug|x86.Build.0 = Debug|x86
		{F925F022-363F-49EC-868B-C51B72A81CC7}.Release|Any CPU.ActiveCfg = Release|Any CPU
		{F925F022-363F-49EC-868B-C51B72A81CC7}.Release|Any CPU.Build.0 = Release|Any CPU
		{F925F022-363F-49EC-868B-C51B72A81CC7}.Release|x86.ActiveCfg = Release|x86
		{F925F022-363F-49EC-868B-C51B72A81CC7}.Release|x86.Build.0 = Release|x86
		{A9AE40FF-1A21-414A-9FE7-3BE13644CC6D}.Debug|Any CPU.ActiveCfg = Debug|Any CPU
		{A9AE40FF-1A21-414A-9FE7-3BE13644CC6D}.Debug|Any CPU.Build.0 = Debug|Any CPU
		{A9AE40FF-1A21-414A-9FE7-3BE13644CC6D}.Debug|x86.ActiveCfg = Debug|x86
		{A9AE40FF-1A21-414A-9FE7-3BE13644CC6D}.Debug|x86.Build.0 = Debug|x86
		{A9AE40FF-1A21-414A-9FE7-3BE13644CC6D}.Release|Any CPU.ActiveCfg = Release|Any CPU
		{A9AE40FF-1A21-414A-9FE7-3BE13644CC6D}.Release|Any CPU.Build.0 = Release|Any CPU
		{A9AE40FF-1A21-414A-9FE7-3BE13644CC6D}.Release|x86.ActiveCfg = Release|x86
		{A9AE40FF-1A21-414A-9FE7-3BE13644CC6D}.Release|x86.Build.0 = Release|x86
		{270B6CB0-75A6-406C-894B-42A3218534EA}.Debug|Any CPU.ActiveCfg = Debug|Any CPU
		{270B6CB0-75A6-406C-894B-42A3218534EA}.Debug|Any CPU.Build.0 = Debug|Any CPU
		{270B6CB0-75A6-406C-894B-42A3218534EA}.Debug|x86.ActiveCfg = Debug|x86
		{270B6CB0-75A6-406C-894B-42A3218534EA}.Debug|x86.Build.0 = Debug|x86
		{270B6CB0-75A6-406C-894B-42A3218534EA}.Release|Any CPU.ActiveCfg = Release|Any CPU
		{270B6CB0-75A6-406C-894B-42A3218534EA}.Release|Any CPU.Build.0 = Release|Any CPU
		{270B6CB0-75A6-406C-894B-42A3218534EA}.Release|x86.ActiveCfg = Release|x86
		{270B6CB0-75A6-406C-894B-42A3218534EA}.Release|x86.Build.0 = Release|x86
		{FC4DEF0B-50E2-4F55-A183-C0959B61B50A}.Debug|Any CPU.ActiveCfg = Debug|Any CPU
		{FC4DEF0B-50E2-4F55-A183-C0959B61B50A}.Debug|Any CPU.Build.0 = Debug|Any CPU
		{FC4DEF0B-50E2-4F55-A183-C0959B61B50A}.Debug|x86.ActiveCfg = Debug|x86
		{FC4DEF0B-50E2-4F55-A183-C0959B61B50A}.Debug|x86.Build.0 = Debug|x86
		{FC4DEF0B-50E2-4F55-A183-C0959B61B50A}.Release|Any CPU.ActiveCfg = Release|Any CPU
		{FC4DEF0B-50E2-4F55-A183-C0959B61B50A}.Release|Any CPU.Build.0 = Release|Any CPU
		{FC4DEF0B-50E2-4F55-A183-C0959B61B50A}.Release|x86.ActiveCfg = Release|x86
		{FC4DEF0B-50E2-4F55-A183-C0959B61B50A}.Release|x86.Build.0 = Release|x86
		{7DDD5DCE-B2CD-429D-80AE-6FF2F66D15D8}.Debug|Any CPU.ActiveCfg = Debug|Any CPU
		{7DDD5DCE-B2CD-429D-80AE-6FF2F66D15D8}.Debug|Any CPU.Build.0 = Debug|Any CPU
		{7DDD5DCE-B2CD-429D-80AE-6FF2F66D15D8}.Debug|x86.ActiveCfg = Debug|x86
		{7DDD5DCE-B2CD-429D-80AE-6FF2F66D15D8}.Debug|x86.Build.0 = Debug|x86
		{7DDD5DCE-B2CD-429D-80AE-6FF2F66D15D8}.Release|Any CPU.ActiveCfg = Release|Any CPU
		{7DDD5DCE-B2CD-429D-80AE-6FF2F66D15D8}.Release|Any CPU.Build.0 = Release|Any CPU
		{7DDD5DCE-B2CD-429D-80AE-6FF2F66D15D8}.Release|x86.ActiveCfg = Release|x86
		{7DDD5DCE-B2CD-429D-80AE-6FF2F66D15D8}.Release|x86.Build.0 = Release|x86
		{2AA08D85-71BA-4988-9116-BE1BF3E736F1}.Debug|Any CPU.ActiveCfg = Debug|Any CPU
		{2AA08D85-71BA-4988-9116-BE1BF3E736F1}.Debug|Any CPU.Build.0 = Debug|Any CPU
		{2AA08D85-71BA-4988-9116-BE1BF3E736F1}.Debug|x86.ActiveCfg = Debug|x86
		{2AA08D85-71BA-4988-9116-BE1BF3E736F1}.Debug|x86.Build.0 = Debug|x86
		{2AA08D85-71BA-4988-9116-BE1BF3E736F1}.Release|Any CPU.ActiveCfg = Release|Any CPU
		{2AA08D85-71BA-4988-9116-BE1BF3E736F1}.Release|Any CPU.Build.0 = Release|Any CPU
		{2AA08D85-71BA-4988-9116-BE1BF3E736F1}.Release|x86.ActiveCfg = Release|x86
		{2AA08D85-71BA-4988-9116-BE1BF3E736F1}.Release|x86.Build.0 = Release|x86
		{8B73AF41-0061-4213-9EC0-318986D1C408}.Debug|Any CPU.ActiveCfg = Debug|Any CPU
		{8B73AF41-0061-4213-9EC0-318986D1C408}.Debug|Any CPU.Build.0 = Debug|Any CPU
		{8B73AF41-0061-4213-9EC0-318986D1C408}.Debug|x86.ActiveCfg = Debug|x86
		{8B73AF41-0061-4213-9EC0-318986D1C408}.Debug|x86.Build.0 = Debug|x86
		{8B73AF41-0061-4213-9EC0-318986D1C408}.Release|Any CPU.ActiveCfg = Release|Any CPU
		{8B73AF41-0061-4213-9EC0-318986D1C408}.Release|Any CPU.Build.0 = Release|Any CPU
		{8B73AF41-0061-4213-9EC0-318986D1C408}.Release|x86.ActiveCfg = Release|x86
		{8B73AF41-0061-4213-9EC0-318986D1C408}.Release|x86.Build.0 = Release|x86
		{98F33740-D8B6-44FD-BF0B-73928F26FE72}.Debug|Any CPU.ActiveCfg = Debug|Any CPU
		{98F33740-D8B6-44FD-BF0B-73928F26FE72}.Debug|Any CPU.Build.0 = Debug|Any CPU
		{98F33740-D8B6-44FD-BF0B-73928F26FE72}.Debug|x86.ActiveCfg = Debug|x86
		{98F33740-D8B6-44FD-BF0B-73928F26FE72}.Debug|x86.Build.0 = Debug|x86
		{98F33740-D8B6-44FD-BF0B-73928F26FE72}.Release|Any CPU.ActiveCfg = Release|Any CPU
		{98F33740-D8B6-44FD-BF0B-73928F26FE72}.Release|Any CPU.Build.0 = Release|Any CPU
		{98F33740-D8B6-44FD-BF0B-73928F26FE72}.Release|x86.ActiveCfg = Release|x86
		{98F33740-D8B6-44FD-BF0B-73928F26FE72}.Release|x86.Build.0 = Release|x86
	EndGlobalSection
	GlobalSection(SolutionProperties) = preSolution
		HideSolutionNode = FALSE
	EndGlobalSection
	GlobalSection(NestedProjects) = preSolution
		{FC4DEF0B-50E2-4F55-A183-C0959B61B50A} = {66DC21BB-67F3-429B-A697-D2DFB8C6B7A7}
		{7DDD5DCE-B2CD-429D-80AE-6FF2F66D15D8} = {66DC21BB-67F3-429B-A697-D2DFB8C6B7A7}
		{2AA08D85-71BA-4988-9116-BE1BF3E736F1} = {66DC21BB-67F3-429B-A697-D2DFB8C6B7A7}
		{8B73AF41-0061-4213-9EC0-318986D1C408} = {66DC21BB-67F3-429B-A697-D2DFB8C6B7A7}
		{98F33740-D8B6-44FD-BF0B-73928F26FE72} = {66DC21BB-67F3-429B-A697-D2DFB8C6B7A7}
	EndGlobalSection
EndGlobal
