
Microsoft Visual Studio Solution File, Format Version 12.00
# Visual Studio 2013
VisualStudioVersion = 12.0.40629.0
MinimumVisualStudioVersion = 10.0.40219.1
Project("{FAE04EC0-301F-11D3-BF4B-00C04F79EFBC}") = "Library", "Library\Library.csproj", "{CC733F2A-65DE-411F-9093-71CD3A5D9B27}"
EndProject
Project("{FAE04EC0-301F-11D3-BF4B-00C04F79EFBC}") = "KYPOS", "Main\KYPOS.csproj", "{8754C65B-7D15-4E74-B9AF-575107B5A6C6}"
EndProject
Project("{FAE04EC0-301F-11D3-BF4B-00C04F79EFBC}") = "Models", "Models\Models.csproj", "{2CF256B2-F5E0-4670-8644-08DDF65B0009}"
EndProject
Project("{FAE04EC0-301F-11D3-BF4B-00C04F79EFBC}") = "Common", "Common\Common.csproj", "{269ECEFF-B6C2-4708-86BA-AFBB1A2B045C}"
EndProject
Project("{FAE04EC0-301F-11D3-BF4B-00C04F79EFBC}") = "Business", "Business\Business.csproj", "{A674DB78-C6CB-409B-893D-728ABF88EC84}"
EndProject
Project("{FAE04EC0-301F-11D3-BF4B-00C04F79EFBC}") = "WebServiceReference", "WebServiceReference\WebServiceReference.csproj", "{830D9756-D0F4-4140-8AFC-500E8ECA03C4}"
EndProject
Project("{FAE04EC0-301F-11D3-BF4B-00C04F79EFBC}") = "ReportsFastReport", "ReportsFastReport\ReportsFastReport.csproj", "{F925F022-363F-49EC-868B-C51B72A81CC7}"
EndProject
Project("{FAE04EC0-301F-11D3-BF4B-00C04F79EFBC}") = "Newtonsoft.Json.Net40", "NewtonsoftJson\Newtonsoft.Json\Newtonsoft.Json.Net40.csproj", "{A9AE40FF-1A21-414A-9FE7-3BE13644CC6D}"
EndProject
Global
	GlobalSection(SolutionConfigurationPlatforms) = preSolution
		Debug|Any CPU = Debug|Any CPU
		Release|Any CPU = Release|Any CPU
	EndGlobalSection
	GlobalSection(ProjectConfigurationPlatforms) = postSolution
		{CC733F2A-65DE-411F-9093-71CD3A5D9B27}.Debug|Any CPU.ActiveCfg = Debug|Any CPU
		{CC733F2A-65DE-411F-9093-71CD3A5D9B27}.Debug|Any CPU.Build.0 = Debug|Any CPU
		{CC733F2A-65DE-411F-9093-71CD3A5D9B27}.Release|Any CPU.ActiveCfg = Release|Any CPU
		{CC733F2A-65DE-411F-9093-71CD3A5D9B27}.Release|Any CPU.Build.0 = Release|Any CPU
		{8754C65B-7D15-4E74-B9AF-575107B5A6C6}.Debug|Any CPU.ActiveCfg = Debug|Any CPU
		{8754C65B-7D15-4E74-B9AF-575107B5A6C6}.Debug|Any CPU.Build.0 = Debug|Any CPU
		{8754C65B-7D15-4E74-B9AF-575107B5A6C6}.Release|Any CPU.ActiveCfg = Release|Any CPU
		{8754C65B-7D15-4E74-B9AF-575107B5A6C6}.Release|Any CPU.Build.0 = Release|Any CPU
		{2CF256B2-F5E0-4670-8644-08DDF65B0009}.Debug|Any CPU.ActiveCfg = Debug|Any CPU
		{2CF256B2-F5E0-4670-8644-08DDF65B0009}.Debug|Any CPU.Build.0 = Debug|Any CPU
		{2CF256B2-F5E0-4670-8644-08DDF65B0009}.Release|Any CPU.ActiveCfg = Release|Any CPU
		{2CF256B2-F5E0-4670-8644-08DDF65B0009}.Release|Any CPU.Build.0 = Release|Any CPU
		{269ECEFF-B6C2-4708-86BA-AFBB1A2B045C}.Debug|Any CPU.ActiveCfg = Debug|Any CPU
		{269ECEFF-B6C2-4708-86BA-AFBB1A2B045C}.Debug|Any CPU.Build.0 = Debug|Any CPU
		{269ECEFF-B6C2-4708-86BA-AFBB1A2B045C}.Release|Any CPU.ActiveCfg = Release|Any CPU
		{269ECEFF-B6C2-4708-86BA-AFBB1A2B045C}.Release|Any CPU.Build.0 = Release|Any CPU
		{A674DB78-C6CB-409B-893D-728ABF88EC84}.Debug|Any CPU.ActiveCfg = Debug|Any CPU
		{A674DB78-C6CB-409B-893D-728ABF88EC84}.Debug|Any CPU.Build.0 = Debug|Any CPU
		{A674DB78-C6CB-409B-893D-728ABF88EC84}.Release|Any CPU.ActiveCfg = Release|Any CPU
		{A674DB78-C6CB-409B-893D-728ABF88EC84}.Release|Any CPU.Build.0 = Release|Any CPU
		{830D9756-D0F4-4140-8AFC-500E8ECA03C4}.Debug|Any CPU.ActiveCfg = Debug|Any CPU
		{830D9756-D0F4-4140-8AFC-500E8ECA03C4}.Debug|Any CPU.Build.0 = Debug|Any CPU
		{830D9756-D0F4-4140-8AFC-500E8ECA03C4}.Release|Any CPU.ActiveCfg = Release|Any CPU
		{830D9756-D0F4-4140-8AFC-500E8ECA03C4}.Release|Any CPU.Build.0 = Release|Any CPU
		{F925F022-363F-49EC-868B-C51B72A81CC7}.Debug|Any CPU.ActiveCfg = Debug|Any CPU
		{F925F022-363F-49EC-868B-C51B72A81CC7}.Debug|Any CPU.Build.0 = Debug|Any CPU
		{F925F022-363F-49EC-868B-C51B72A81CC7}.Release|Any CPU.ActiveCfg = Release|Any CPU
		{F925F022-363F-49EC-868B-C51B72A81CC7}.Release|Any CPU.Build.0 = Release|Any CPU
		{A9AE40FF-1A21-414A-9FE7-3BE13644CC6D}.Debug|Any CPU.ActiveCfg = Debug|Any CPU
		{A9AE40FF-1A21-414A-9FE7-3BE13644CC6D}.Debug|Any CPU.Build.0 = Debug|Any CPU
		{A9AE40FF-1A21-414A-9FE7-3BE13644CC6D}.Release|Any CPU.ActiveCfg = Release|Any CPU
		{A9AE40FF-1A21-414A-9FE7-3BE13644CC6D}.Release|Any CPU.Build.0 = Release|Any CPU
	EndGlobalSection
	GlobalSection(SolutionProperties) = preSolution
		HideSolutionNode = FALSE
	EndGlobalSection
EndGlobal
